
Microsoft Visual Studio Solution File, Format Version 12.00
# Visual Studio Version 16
VisualStudioVersion = 16.0.30717.126
MinimumVisualStudioVersion = 10.0.40219.1
Project("{FAE04EC0-301F-11D3-BF4B-00C04F79EFBC}") = "DiSounds", "DiSounds\DiSounds.csproj", "{509102F0-FACA-4639-90F1-A535BBDE41BD}"
EndProject
Global
	GlobalSection(SolutionConfigurationPlatforms) = preSolution
		Debug|Any CPU = Debug|Any CPU
		Release|Any CPU = Release|Any CPU
	EndGlobalSection
	GlobalSection(ProjectConfigurationPlatforms) = postSolution
		{509102F0-FACA-4639-90F1-A535BBDE41BD}.Debug|Any CPU.ActiveCfg = Debug|Any CPU
		{509102F0-FACA-4639-90F1-A535BBDE41BD}.Debug|Any CPU.Build.0 = Debug|Any CPU
		{509102F0-FACA-4639-90F1-A535BBDE41BD}.Release|Any CPU.ActiveCfg = Release|Any CPU
		{509102F0-FACA-4639-90F1-A535BBDE41BD}.Release|Any CPU.Build.0 = Release|Any CPU
	EndGlobalSection
	GlobalSection(SolutionProperties) = preSolution
		HideSolutionNode = FALSE
	EndGlobalSection
	GlobalSection(ExtensibilityGlobals) = postSolution
		SolutionGuid = {63BD5C19-EDA6-40F2-9026-F9AC872F95DF}
	EndGlobalSection
EndGlobal
